
Microsoft Visual Studio Solution File, Format Version 12.00
# Visual Studio 2013
VisualStudioVersion = 12.0.21005.1
MinimumVisualStudioVersion = 10.0.40219.1
Project("{FAE04EC0-301F-11D3-BF4B-00C04F79EFBC}") = "ARRAgent", "ARRConfigurationAgent\ARRAgent.csproj", "{4D820F4A-19DC-4624-AAEE-5321888B3FA7}"
EndProject
Global
	GlobalSection(SolutionConfigurationPlatforms) = preSolution
		Debug|x86 = Debug|x86
		Release|x86 = Release|x86
	EndGlobalSection
	GlobalSection(ProjectConfigurationPlatforms) = postSolution
		{4D820F4A-19DC-4624-AAEE-5321888B3FA7}.Debug|x86.ActiveCfg = Release|x86
		{4D820F4A-19DC-4624-AAEE-5321888B3FA7}.Debug|x86.Build.0 = Release|x86
		{4D820F4A-19DC-4624-AAEE-5321888B3FA7}.Release|x86.ActiveCfg = Release|x86
		{4D820F4A-19DC-4624-AAEE-5321888B3FA7}.Release|x86.Build.0 = Release|x86
	EndGlobalSection
	GlobalSection(SolutionProperties) = preSolution
		HideSolutionNode = FALSE
	EndGlobalSection
EndGlobal
